
Microsoft Visual Studio Solution File, Format Version 12.00
# Visual Studio Version 17
VisualStudioVersion = 17.8.34511.84
MinimumVisualStudioVersion = 10.0.40219.1
Project("{9A19103F-16F7-4668-BE54-9A1E7A4F7556}") = "sudokuCLI", "sudokuCLI.csproj", "{C9505A7F-EC67-4E75-9702-EB0D782DD7D5}"
EndProject
Project("{FAE04EC0-301F-11D3-BF4B-00C04F79EFBC}") = "sudokuGUI", "..\sudokuGUI\sudokuGUI.csproj", "{532C56FF-2619-4EAB-BAE8-EE55287FE1AB}"
EndProject
Global
	GlobalSection(SolutionConfigurationPlatforms) = preSolution
		Debug|Any CPU = Debug|Any CPU
		Release|Any CPU = Release|Any CPU
	EndGlobalSection
	GlobalSection(ProjectConfigurationPlatforms) = postSolution
		{C9505A7F-EC67-4E75-9702-EB0D782DD7D5}.Debug|Any CPU.ActiveCfg = Debug|Any CPU
		{C9505A7F-EC67-4E75-9702-EB0D782DD7D5}.Debug|Any CPU.Build.0 = Debug|Any CPU
		{C9505A7F-EC67-4E75-9702-EB0D782DD7D5}.Release|Any CPU.ActiveCfg = Release|Any CPU
		{C9505A7F-EC67-4E75-9702-EB0D782DD7D5}.Release|Any CPU.Build.0 = Release|Any CPU
		{532C56FF-2619-4EAB-BAE8-EE55287FE1AB}.Debug|Any CPU.ActiveCfg = Debug|Any CPU
		{532C56FF-2619-4EAB-BAE8-EE55287FE1AB}.Debug|Any CPU.Build.0 = Debug|Any CPU
		{532C56FF-2619-4EAB-BAE8-EE55287FE1AB}.Release|Any CPU.ActiveCfg = Release|Any CPU
		{532C56FF-2619-4EAB-BAE8-EE55287FE1AB}.Release|Any CPU.Build.0 = Release|Any CPU
	EndGlobalSection
	GlobalSection(SolutionProperties) = preSolution
		HideSolutionNode = FALSE
	EndGlobalSection
	GlobalSection(ExtensibilityGlobals) = postSolution
		SolutionGuid = {71918905-E75D-4C6A-90E6-4324B313895B}
	EndGlobalSection
EndGlobal
